github.com/google/go-cmp v0.6.0 h1:ofyhxvXcZhMsU5ulbFiLKl/XBFqE1GSq7atu8tAmTRI=
github.com/google/go-cmp v0.6.0/go.mod h1:17dUlkBOakJ0+DkrSSNjCkIjxS6bF9zb3elmeNGIjoY=
github.com/yangjerry110/protoc-gen-go v0.0.6 h1:ekQbrnOWZR2+hqGFqPWQa4b6LgiH7ngv7F+zQ2F0foo=
github.com/yangjerry110/protoc-gen-go v0.0.6/go.mod h1:NCkiZ9uasCi5nuKiC1Y8J8UXd4AodAHr49yQqpva9i8=
google.golang.org/protobuf v1.36.5 h1:tPhr+woSbjfYvY6/GPufUoYizxw1cF/yFoxJ2fmpwlM=
google.golang.org/protobuf v1.36.5/go.mod h1:9fA7Ob0pmnwhb644+1+CVWFRbNajQ6iRojtC/QF5bRE=
